
Microsoft Visual Studio Solution File, Format Version 12.00
# Visual Studio 15
VisualStudioVersion = 15.0.27130.2027
MinimumVisualStudioVersion = 10.0.40219.1
Project("{FAE04EC0-301F-11D3-BF4B-00C04F79EFBC}") = "Primeiro Projeto", "Primeiro Projeto\Primeiro Projeto.csproj", "{BE6BA780-BA4B-480B-85F2-CCF402B06740}"
EndProject
Global
	GlobalSection(SolutionConfigurationPlatforms) = preSolution
		Debug|Any CPU = Debug|Any CPU
		Release|Any CPU = Release|Any CPU
	EndGlobalSection
	GlobalSection(ProjectConfigurationPlatforms) = postSolution
		{BE6BA780-BA4B-480B-85F2-CCF402B06740}.Debug|Any CPU.ActiveCfg = Debug|Any CPU
		{BE6BA780-BA4B-480B-85F2-CCF402B06740}.Debug|Any CPU.Build.0 = Debug|Any CPU
		{BE6BA780-BA4B-480B-85F2-CCF402B06740}.Release|Any CPU.ActiveCfg = Release|Any CPU
		{BE6BA780-BA4B-480B-85F2-CCF402B06740}.Release|Any CPU.Build.0 = Release|Any CPU
	EndGlobalSection
	GlobalSection(SolutionProperties) = preSolution
		HideSolutionNode = FALSE
	EndGlobalSection
	GlobalSection(ExtensibilityGlobals) = postSolution
		SolutionGuid = {DEE11ADD-B74D-4EB4-A3E4-CE5B18F59010}
	EndGlobalSection
EndGlobal
